
Microsoft Visual Studio Solution File, Format Version 12.00
# Visual Studio Version 17
VisualStudioVersion = 17.5.002.0
MinimumVisualStudioVersion = 10.0.40219.1
Project("{9A19103F-16F7-4668-BE54-9A1E7A4F7556}") = "fizzbuzz", "fizzbuzz.csproj", "{F424ADD4-E1DD-4181-B19B-AF80DD494892}"
EndProject
Global
	GlobalSection(SolutionConfigurationPlatforms) = preSolution
		Debug|Any CPU = Debug|Any CPU
		Release|Any CPU = Release|Any CPU
	EndGlobalSection
	GlobalSection(ProjectConfigurationPlatforms) = postSolution
		{F424ADD4-E1DD-4181-B19B-AF80DD494892}.Debug|Any CPU.ActiveCfg = Debug|Any CPU
		{F424ADD4-E1DD-4181-B19B-AF80DD494892}.Debug|Any CPU.Build.0 = Debug|Any CPU
		{F424ADD4-E1DD-4181-B19B-AF80DD494892}.Release|Any CPU.ActiveCfg = Release|Any CPU
		{F424ADD4-E1DD-4181-B19B-AF80DD494892}.Release|Any CPU.Build.0 = Release|Any CPU
	EndGlobalSection
	GlobalSection(SolutionProperties) = preSolution
		HideSolutionNode = FALSE
	EndGlobalSection
	GlobalSection(ExtensibilityGlobals) = postSolution
		SolutionGuid = {2A7E92C4-4BB9-4206-A946-92BEA230D7AE}
	EndGlobalSection
EndGlobal
